
Microsoft Visual Studio Solution File, Format Version 12.00
# Visual Studio Version 16
VisualStudioVersion = 16.0.31515.178
MinimumVisualStudioVersion = 10.0.40219.1
Project("{FAE04EC0-301F-11D3-BF4B-00C04F79EFBC}") = "W7- Panda Quiz", "W7- Panda Quiz\W7- Panda Quiz.csproj", "{C3FD6448-BC60-493F-99CF-01E13DAC81D0}"
EndProject
Global
	GlobalSection(SolutionConfigurationPlatforms) = preSolution
		Debug|Any CPU = Debug|Any CPU
		Release|Any CPU = Release|Any CPU
	EndGlobalSection
	GlobalSection(ProjectConfigurationPlatforms) = postSolution
		{C3FD6448-BC60-493F-99CF-01E13DAC81D0}.Debug|Any CPU.ActiveCfg = Debug|Any CPU
		{C3FD6448-BC60-493F-99CF-01E13DAC81D0}.Debug|Any CPU.Build.0 = Debug|Any CPU
		{C3FD6448-BC60-493F-99CF-01E13DAC81D0}.Release|Any CPU.ActiveCfg = Release|Any CPU
		{C3FD6448-BC60-493F-99CF-01E13DAC81D0}.Release|Any CPU.Build.0 = Release|Any CPU
	EndGlobalSection
	GlobalSection(SolutionProperties) = preSolution
		HideSolutionNode = FALSE
	EndGlobalSection
	GlobalSection(ExtensibilityGlobals) = postSolution
		SolutionGuid = {4F3C40E1-DAA4-4400-AEB2-FBF2445BCEF6}
	EndGlobalSection
EndGlobal
